{
  "name": ".web",
  "lockfileVersion": 3,
  "requires": true,
  "packages": {
    "": {
      "dependencies": {
        "galactimecha-api": "file:.."
      }
    },
    "..": {
      "name": "galactimecha-api",
      "version": "0.1.0",
      "dependencies": {
        "bcryptjs": "^2.4.3",
        "cors": "^2.8.5",
        "express": "^4.18.2",
        "jsonwebtoken": "^9.0.0",
        "mongodb": "^5.0.0"
      }
    },
    "node_modules/galactimecha-api": {
      "resolved": "..",
      "link": true
    }
  }
}
